
Microsoft Visual Studio Solution File, Format Version 12.00
# Visual Studio 15
VisualStudioVersion = 15.0.27130.2027
MinimumVisualStudioVersion = 10.0.40219.1
Project("{FAE04EC0-301F-11D3-BF4B-00C04F79EFBC}") = "CompareTheTriplets", "CompareTheTriplets\CompareTheTriplets.csproj", "{0AF72E44-D852-45B2-AAD4-4BD6181EA85A}"
EndProject
Project("{FAE04EC0-301F-11D3-BF4B-00C04F79EFBC}") = "TripletTest", "TripletTest\TripletTest.csproj", "{1003F5C3-F399-4A89-97FE-0BE57FB36A13}"
EndProject
Global
	GlobalSection(SolutionConfigurationPlatforms) = preSolution
		Debug|Any CPU = Debug|Any CPU
		Release|Any CPU = Release|Any CPU
	EndGlobalSection
	GlobalSection(ProjectConfigurationPlatforms) = postSolution
		{0AF72E44-D852-45B2-AAD4-4BD6181EA85A}.Debug|Any CPU.ActiveCfg = Debug|Any CPU
		{0AF72E44-D852-45B2-AAD4-4BD6181EA85A}.Debug|Any CPU.Build.0 = Debug|Any CPU
		{0AF72E44-D852-45B2-AAD4-4BD6181EA85A}.Release|Any CPU.ActiveCfg = Release|Any CPU
		{0AF72E44-D852-45B2-AAD4-4BD6181EA85A}.Release|Any CPU.Build.0 = Release|Any CPU
		{1003F5C3-F399-4A89-97FE-0BE57FB36A13}.Debug|Any CPU.ActiveCfg = Debug|Any CPU
		{1003F5C3-F399-4A89-97FE-0BE57FB36A13}.Debug|Any CPU.Build.0 = Debug|Any CPU
		{1003F5C3-F399-4A89-97FE-0BE57FB36A13}.Release|Any CPU.ActiveCfg = Release|Any CPU
		{1003F5C3-F399-4A89-97FE-0BE57FB36A13}.Release|Any CPU.Build.0 = Release|Any CPU
	EndGlobalSection
	GlobalSection(SolutionProperties) = preSolution
		HideSolutionNode = FALSE
	EndGlobalSection
	GlobalSection(ExtensibilityGlobals) = postSolution
		SolutionGuid = {3B617B19-C78F-46A9-9C37-7673EBB73D27}
	EndGlobalSection
EndGlobal
